
Microsoft Visual Studio Solution File, Format Version 12.00
# Visual Studio Version 17
VisualStudioVersion = 17.0.31903.59
MinimumVisualStudioVersion = 10.0.40219.1
Project("{FAE04EC0-301F-11D3-BF4B-00C04F79EFBC}") = "ConsoleApp1", "ConsoleApp1\ConsoleApp1.csproj", "{656DC210-239E-408F-AD45-7254DCD71675}"
EndProject
Project("{FAE04EC0-301F-11D3-BF4B-00C04F79EFBC}") = "Bai2", "Bai2\Bai2.csproj", "{5946C401-CB36-4153-BD05-A8357A5A2651}"
EndProject
Project("{FAE04EC0-301F-11D3-BF4B-00C04F79EFBC}") = "Bai4", "Bai4\Bai4.csproj", "{8AC2F59A-2A73-48D6-A084-5B54A0B67837}"
EndProject
Project("{FAE04EC0-301F-11D3-BF4B-00C04F79EFBC}") = "advanced1", "advanced1\advanced1.csproj", "{3B76E360-3950-407F-BC83-AC67938F5028}"
EndProject
Project("{FAE04EC0-301F-11D3-BF4B-00C04F79EFBC}") = "AdvanceEvent", "AdvanceEvent\AdvanceEvent.csproj", "{064B9341-7796-4B8E-9F76-FB2859BA6459}"
EndProject
Project("{FAE04EC0-301F-11D3-BF4B-00C04F79EFBC}") = "QuanLiSinhVien", "QuanLiSinhVien\QuanLiSinhVien.csproj", "{A86E406D-3618-4674-A95B-7FBC97D8052F}"
EndProject
Project("{FAE04EC0-301F-11D3-BF4B-00C04F79EFBC}") = "QuanLiThuVien", "QuanLiThuVien\QuanLiThuVien.csproj", "{F5C93E2B-2D19-4694-A41C-91D19EECF17C}"
EndProject
Project("{FAE04EC0-301F-11D3-BF4B-00C04F79EFBC}") = "ExecuteSQL", "ExecuteSQL\ExecuteSQL.csproj", "{CACC3836-E9AB-4869-AE86-2232686166FD}"
EndProject
Global
	GlobalSection(SolutionConfigurationPlatforms) = preSolution
		Debug|Any CPU = Debug|Any CPU
		Release|Any CPU = Release|Any CPU
	EndGlobalSection
	GlobalSection(SolutionProperties) = preSolution
		HideSolutionNode = FALSE
	EndGlobalSection
	GlobalSection(ProjectConfigurationPlatforms) = postSolution
		{656DC210-239E-408F-AD45-7254DCD71675}.Debug|Any CPU.ActiveCfg = Debug|Any CPU
		{656DC210-239E-408F-AD45-7254DCD71675}.Debug|Any CPU.Build.0 = Debug|Any CPU
		{656DC210-239E-408F-AD45-7254DCD71675}.Release|Any CPU.ActiveCfg = Release|Any CPU
		{656DC210-239E-408F-AD45-7254DCD71675}.Release|Any CPU.Build.0 = Release|Any CPU
		{5946C401-CB36-4153-BD05-A8357A5A2651}.Debug|Any CPU.ActiveCfg = Debug|Any CPU
		{5946C401-CB36-4153-BD05-A8357A5A2651}.Debug|Any CPU.Build.0 = Debug|Any CPU
		{5946C401-CB36-4153-BD05-A8357A5A2651}.Release|Any CPU.ActiveCfg = Release|Any CPU
		{5946C401-CB36-4153-BD05-A8357A5A2651}.Release|Any CPU.Build.0 = Release|Any CPU
		{8AC2F59A-2A73-48D6-A084-5B54A0B67837}.Debug|Any CPU.ActiveCfg = Debug|Any CPU
		{8AC2F59A-2A73-48D6-A084-5B54A0B67837}.Debug|Any CPU.Build.0 = Debug|Any CPU
		{8AC2F59A-2A73-48D6-A084-5B54A0B67837}.Release|Any CPU.ActiveCfg = Release|Any CPU
		{8AC2F59A-2A73-48D6-A084-5B54A0B67837}.Release|Any CPU.Build.0 = Release|Any CPU
		{3B76E360-3950-407F-BC83-AC67938F5028}.Debug|Any CPU.ActiveCfg = Debug|Any CPU
		{3B76E360-3950-407F-BC83-AC67938F5028}.Debug|Any CPU.Build.0 = Debug|Any CPU
		{3B76E360-3950-407F-BC83-AC67938F5028}.Release|Any CPU.ActiveCfg = Release|Any CPU
		{3B76E360-3950-407F-BC83-AC67938F5028}.Release|Any CPU.Build.0 = Release|Any CPU
		{064B9341-7796-4B8E-9F76-FB2859BA6459}.Debug|Any CPU.ActiveCfg = Debug|Any CPU
		{064B9341-7796-4B8E-9F76-FB2859BA6459}.Debug|Any CPU.Build.0 = Debug|Any CPU
		{064B9341-7796-4B8E-9F76-FB2859BA6459}.Release|Any CPU.ActiveCfg = Release|Any CPU
		{064B9341-7796-4B8E-9F76-FB2859BA6459}.Release|Any CPU.Build.0 = Release|Any CPU
		{A86E406D-3618-4674-A95B-7FBC97D8052F}.Debug|Any CPU.ActiveCfg = Debug|Any CPU
		{A86E406D-3618-4674-A95B-7FBC97D8052F}.Debug|Any CPU.Build.0 = Debug|Any CPU
		{A86E406D-3618-4674-A95B-7FBC97D8052F}.Release|Any CPU.ActiveCfg = Release|Any CPU
		{A86E406D-3618-4674-A95B-7FBC97D8052F}.Release|Any CPU.Build.0 = Release|Any CPU
		{F5C93E2B-2D19-4694-A41C-91D19EECF17C}.Debug|Any CPU.ActiveCfg = Debug|Any CPU
		{F5C93E2B-2D19-4694-A41C-91D19EECF17C}.Debug|Any CPU.Build.0 = Debug|Any CPU
		{F5C93E2B-2D19-4694-A41C-91D19EECF17C}.Release|Any CPU.ActiveCfg = Release|Any CPU
		{F5C93E2B-2D19-4694-A41C-91D19EECF17C}.Release|Any CPU.Build.0 = Release|Any CPU
		{CACC3836-E9AB-4869-AE86-2232686166FD}.Debug|Any CPU.ActiveCfg = Debug|Any CPU
		{CACC3836-E9AB-4869-AE86-2232686166FD}.Debug|Any CPU.Build.0 = Debug|Any CPU
		{CACC3836-E9AB-4869-AE86-2232686166FD}.Release|Any CPU.ActiveCfg = Release|Any CPU
		{CACC3836-E9AB-4869-AE86-2232686166FD}.Release|Any CPU.Build.0 = Release|Any CPU
	EndGlobalSection
EndGlobal
